// !$*UTF8*$!
{
	archiveVersion = 1;
	classes = {
	};
	objectVersion = 77;
	objects = {

/* Begin PBXContainerItemProxy section */
		4D71EDB52CF2A0C6005A2522 /* PBXContainerItemProxy */ = {
			isa = PBXContainerItemProxy;
			containerPortal = 4D71ED9C2CF2A0C5005A2522 /* Project object */;
			proxyType = 1;
			remoteGlobalIDString = 4D71EDA32CF2A0C5005A2522;
			remoteInfo = "Weather Bunny";
		};
		4D71EDBF2CF2A0C6005A2522 /* PBXContainerItemProxy */ = {
			isa = PBXContainerItemProxy;
			containerPortal = 4D71ED9C2CF2A0C5005A2522 /* Project object */;
			proxyType = 1;
			remoteGlobalIDString = 4D71EDA32CF2A0C5005A2522;
			remoteInfo = "Weather Bunny";
		};
/* End PBXContainerItemProxy section */

/* Begin PBXFileReference section */
		4D71EDA42CF2A0C5005A2522 /* Weather Bunny.app */ = {isa = PBXFileReference; explicitFileType = wrapper.application; includeInIndex = 0; path = "Weather Bunny.app"; sourceTree = BUILT_PRODUCTS_DIR; };
		4D71EDB42CF2A0C6005A2522 /* Weather BunnyTests.xctest */ = {isa = PBXFileReference; explicitFileType = wrapper.cfbundle; includeInIndex = 0; path = "Weather BunnyTests.xctest"; sourceTree = BUILT_PRODUCTS_DIR; };
		4D71EDBE2CF2A0C6005A2522 /* Weather BunnyUITests.xctest */ = {isa = PBXFileReference; explicitFileType = wrapper.cfbundle; includeInIndex = 0; path = "Weather BunnyUITests.xctest"; sourceTree = BUILT_PRODUCTS_DIR; };
/* End PBXFileReference section */

/* Begin PBXFileSystemSynchronizedRootGroup section */
		4D71EDA62CF2A0C5005A2522 /* Weather Bunny */ = {
			isa = PBXFileSystemSynchronizedRootGroup;
			path = "Weather Bunny";
			sourceTree = "<group>";
		};
		4D71EDB72CF2A0C6005A2522 /* Weather BunnyTests */ = {
			isa = PBXFileSystemSynchronizedRootGroup;
			path = "Weather BunnyTests";
			sourceTree = "<group>";
		};
		4D71EDC12CF2A0C6005A2522 /* Weather BunnyUITests */ = {
			isa = PBXFileSystemSynchronizedRootGroup;
			path = "Weather BunnyUITests";
			sourceTree = "<group>";
		};
/* End PBXFileSystemSynchronizedRootGroup section */

/* Begin PBXFrameworksBuildPhase section */
		4D71EDA12CF2A0C5005A2522 /* Frameworks */ = {
			isa = PBXFrameworksBuildPhase;
			buildActionMask = 2147483647;
			files = (
			);
			runOnlyForDeploymentPostprocessing = 0;
		};
		4D71EDB12CF2A0C6005A2522 /* Frameworks */ = {
			isa = PBXFrameworksBuildPhase;
			buildActionMask = 2147483647;
			files = (
			);
			runOnlyForDeploymentPostprocessing = 0;
		};
		4D71EDBB2CF2A0C6005A2522 /* Frameworks */ = {
			isa = PBXFrameworksBuildPhase;
			buildActionMask = 2147483647;
			files = (
			);
			runOnlyForDeploymentPostprocessing = 0;
		};
/* End PBXFrameworksBuildPhase section */

/* Begin PBXGroup section */
		4D71ED9B2CF2A0C5005A2522 = {
			isa = PBXGroup;
			children = (
				4D71EDA62CF2A0C5005A2522 /* Weather Bunny */,
				4D71EDB72CF2A0C6005A2522 /* Weather BunnyTests */,
				4D71EDC12CF2A0C6005A2522 /* Weather BunnyUITests */,
				4D71EDA52CF2A0C5005A2522 /* Products */,
			);
			sourceTree = "<group>";
		};
		4D71EDA52CF2A0C5005A2522 /* Products */ = {
			isa = PBXGroup;
			children = (
				4D71EDA42CF2A0C5005A2522 /* Weather Bunny.app */,
				4D71EDB42CF2A0C6005A2522 /* Weather BunnyTests.xctest */,
				4D71EDBE2CF2A0C6005A2522 /* Weather BunnyUITests.xctest */,
			);
			name = Products;
			sourceTree = "<group>";
		};
/* End PBXGroup section */

/* Begin PBXNativeTarget section */
		4D71EDA32CF2A0C5005A2522 /* Weather Bunny */ = {
			isa = PBXNativeTarget;
			buildConfigurationList = 4D71EDC82CF2A0C6005A2522 /* Build configuration list for PBXNativeTarget "Weather Bunny" */;
			buildPhases = (
				4D71EDA02CF2A0C5005A2522 /* Sources */,
				4D71EDA12CF2A0C5005A2522 /* Frameworks */,
				4D71EDA22CF2A0C5005A2522 /* Resources */,
			);
			buildRules = (
			);
			dependencies = (
			);
			fileSystemSynchronizedGroups = (
				4D71EDA62CF2A0C5005A2522 /* Weather Bunny */,
			);
			name = "Weather Bunny";
			packageProductDependencies = (
			);
			productName = "Weather Bunny";
			productReference = 4D71EDA42CF2A0C5005A2522 /* Weather Bunny.app */;
			productType = "com.apple.product-type.application";
		};
		4D71EDB32CF2A0C6005A2522 /* Weather BunnyTests */ = {
			isa = PBXNativeTarget;
			buildConfigurationList = 4D71EDCB2CF2A0C6005A2522 /* Build configuration list for PBXNativeTarget "Weather BunnyTests" */;
			buildPhases = (
				4D71EDB02CF2A0C6005A2522 /* Sources */,
				4D71EDB12CF2A0C6005A2522 /* Frameworks */,
				4D71EDB22CF2A0C6005A2522 /* Resources */,
			);
			buildRules = (
			);
			dependencies = (
				4D71EDB62CF2A0C6005A2522 /* PBXTargetDependency */,
			);
			fileSystemSynchronizedGroups = (
				4D71EDB72CF2A0C6005A2522 /* Weather BunnyTests */,
			);
			name = "Weather BunnyTests";
			packageProductDependencies = (
			);
			productName = "Weather BunnyTests";
			productReference = 4D71EDB42CF2A0C6005A2522 /* Weather BunnyTests.xctest */;
			productType = "com.apple.product-type.bundle.unit-test";
		};
		4D71EDBD2CF2A0C6005A2522 /* Weather BunnyUITests */ = {
			isa = PBXNativeTarget;
			buildConfigurationList = 4D71EDCE2CF2A0C6005A2522 /* Build configuration list for PBXNativeTarget "Weather BunnyUITests" */;
			buildPhases = (
				4D71EDBA2CF2A0C6005A2522 /* Sources */,
				4D71EDBB2CF2A0C6005A2522 /* Frameworks */,
				4D71EDBC2CF2A0C6005A2522 /* Resources */,
			);
			buildRules = (
			);
			dependencies = (
				4D71EDC02CF2A0C6005A2522 /* PBXTargetDependency */,
			);
			fileSystemSynchronizedGroups = (
				4D71EDC12CF2A0C6005A2522 /* Weather BunnyUITests */,
			);
			name = "Weather BunnyUITests";
			packageProductDependencies = (
			);
			productName = "Weather BunnyUITests";
			productReference = 4D71EDBE2CF2A0C6005A2522 /* Weather BunnyUITests.xctest */;
			productType = "com.apple.product-type.bundle.ui-testing";
		};
/* End PBXNativeTarget section */

/* Begin PBXProject section */
		4D71ED9C2CF2A0C5005A2522 /* Project object */ = {
			isa = PBXProject;
			attributes = {
				BuildIndependentTargetsInParallel = 1;
				LastSwiftUpdateCheck = 1610;
				LastUpgradeCheck = 1610;
				TargetAttributes = {
					4D71EDA32CF2A0C5005A2522 = {
						CreatedOnToolsVersion = 16.1;
					};
					4D71EDB32CF2A0C6005A2522 = {
						CreatedOnToolsVersion = 16.1;
						TestTargetID = 4D71EDA32CF2A0C5005A2522;
					};
					4D71EDBD2CF2A0C6005A2522 = {
						CreatedOnToolsVersion = 16.1;
						TestTargetID = 4D71EDA32CF2A0C5005A2522;
					};
				};
			};
			buildConfigurationList = 4D71ED9F2CF2A0C5005A2522 /* Build configuration list for PBXProject "Weather Bunny" */;
			developmentRegion = en;
			hasScannedForEncodings = 0;
			knownRegions = (
				en,
				Base,
			);
			mainGroup = 4D71ED9B2CF2A0C5005A2522;
			minimizedProjectReferenceProxies = 1;
			preferredProjectObjectVersion = 77;
			productRefGroup = 4D71EDA52CF2A0C5005A2522 /* Products */;
			projectDirPath = "";
			projectRoot = "";
			targets = (
				4D71EDA32CF2A0C5005A2522 /* Weather Bunny */,
				4D71EDB32CF2A0C6005A2522 /* Weather BunnyTests */,
				4D71EDBD2CF2A0C6005A2522 /* Weather BunnyUITests */,
			);
		};
/* End PBXProject section */

/* Begin PBXResourcesBuildPhase section */
		4D71EDA22CF2A0C5005A2522 /* Resources */ = {
			isa = PBXResourcesBuildPhase;
			buildActionMask = 2147483647;
			files = (
			);
			runOnlyForDeploymentPostprocessing = 0;
		};
		4D71EDB22CF2A0C6005A2522 /* Resources */ = {
			isa = PBXResourcesBuildPhase;
			buildActionMask = 2147483647;
			files = (
			);
			runOnlyForDeploymentPostprocessing = 0;
		};
		4D71EDBC2CF2A0C6005A2522 /* Resources */ = {
			isa = PBXResourcesBuildPhase;
			buildActionMask = 2147483647;
			files = (
			);
			runOnlyForDeploymentPostprocessing = 0;
		};
/* End PBXResourcesBuildPhase section */

/* Begin PBXSourcesBuildPhase section */
		4D71EDA02CF2A0C5005A2522 /* Sources */ = {
			isa = PBXSourcesBuildPhase;
			buildActionMask = 2147483647;
			files = (
			);
			runOnlyForDeploymentPostprocessing = 0;
		};
		4D71EDB02CF2A0C6005A2522 /* Sources */ = {
			isa = PBXSourcesBuildPhase;
			buildActionMask = 2147483647;
			files = (
			);
			runOnlyForDeploymentPostprocessing = 0;
		};
		4D71EDBA2CF2A0C6005A2522 /* Sources */ = {
			isa = PBXSourcesBuildPhase;
			buildActionMask = 2147483647;
			files = (
			);
			runOnlyForDeploymentPostprocessing = 0;
		};
/* End PBXSourcesBuildPhase section */

/* Begin PBXTargetDependency section */
		4D71EDB62CF2A0C6005A2522 /* PBXTargetDependency */ = {
			isa = PBXTargetDependency;
			target = 4D71EDA32CF2A0C5005A2522 /* Weather Bunny */;
			targetProxy = 4D71EDB52CF2A0C6005A2522 /* PBXContainerItemProxy */;
		};
		4D71EDC02CF2A0C6005A2522 /* PBXTargetDependency */ = {
			isa = PBXTargetDependency;
			target = 4D71EDA32CF2A0C5005A2522 /* Weather Bunny */;
			targetProxy = 4D71EDBF2CF2A0C6005A2522 /* PBXContainerItemProxy */;
		};
/* End PBXTargetDependency section */

/* Begin XCBuildConfiguration section */
		4D71EDC62CF2A0C6005A2522 /* Debug */ = {
			isa = XCBuildConfiguration;
			buildSettings = {
				ALWAYS_SEARCH_USER_PATHS = NO;
				ASSETCATALOG_COMPILER_GENERATE_SWIFT_ASSET_SYMBOL_EXTENSIONS = YES;
				CLANG_ANALYZER_NONNULL = YES;
				CLANG_ANALYZER_NUMBER_OBJECT_CONVERSION = YES_AGGRESSIVE;
				CLANG_CXX_LANGUAGE_STANDARD = "gnu++20";
				CLANG_ENABLE_MODULES = YES;
				CLANG_ENABLE_OBJC_ARC = YES;
				CLANG_ENABLE_OBJC_WEAK = YES;
				CLANG_WARN_BLOCK_CAPTURE_AUTORELEASING = YES;
				CLANG_WARN_BOOL_CONVERSION = YES;
				CLANG_WARN_COMMA = YES;
				CLANG_WARN_CONSTANT_CONVERSION = YES;
				CLANG_WARN_DEPRECATED_OBJC_IMPLEMENTATIONS = YES;
				CLANG_WARN_DIRECT_OBJC_ISA_USAGE = YES_ERROR;
				CLANG_WARN_DOCUMENTATION_COMMENTS = YES;
				CLANG_WARN_EMPTY_BODY = YES;
				CLANG_WARN_ENUM_CONVERSION = YES;
				CLANG_WARN_INFINITE_RECURSION = YES;
				CLANG_WARN_INT_CONVERSION = YES;
				CLANG_WARN_NON_LITERAL_NULL_CONVERSION = YES;
				CLANG_WARN_OBJC_IMPLICIT_RETAIN_SELF = YES;
				CLANG_WARN_OBJC_LITERAL_CONVERSION = YES;
				CLANG_WARN_OBJC_ROOT_CLASS = YES_ERROR;
				CLANG_WARN_QUOTED_INCLUDE_IN_FRAMEWORK_HEADER = YES;
				CLANG_WARN_RANGE_LOOP_ANALYSIS = YES;
				CLANG_WARN_STRICT_PROTOTYPES = YES;
				CLANG_WARN_SUSPICIOUS_MOVE = YES;
				CLANG_WARN_UNGUARDED_AVAILABILITY = YES_AGGRESSIVE;
				CLANG_WARN_UNREACHABLE_CODE = YES;
				CLANG_WARN__DUPLICATE_METHOD_MATCH = YES;
				COPY_PHASE_STRIP = NO;
				DEBUG_INFORMATION_FORMAT = dwarf;
				ENABLE_STRICT_OBJC_MSGSEND = YES;
				ENABLE_TESTABILITY = YES;
				ENABLE_USER_SCRIPT_SANDBOXING = YES;
				GCC_C_LANGUAGE_STANDARD = gnu17;
				GCC_DYNAMIC_NO_PIC = NO;
				GCC_NO_COMMON_BLOCKS = YES;
				GCC_OPTIMIZATION_LEVEL = 0;
				GCC_PREPROCESSOR_DEFINITIONS = (
					"DEBUG=1",
					"$(inherited)",
				);
				GCC_WARN_64_TO_32_BIT_CONVERSION = YES;
				GCC_WARN_ABOUT_RETURN_TYPE = YES_ERROR;
				GCC_WARN_UNDECLARED_SELECTOR = YES;
				GCC_WARN_UNINITIALIZED_AUTOS = YES_AGGRESSIVE;
				GCC_WARN_UNUSED_FUNCTION = YES;
				GCC_WARN_UNUSED_VARIABLE = YES;
				IPHONEOS_DEPLOYMENT_TARGET = 18.1;
				LOCALIZATION_PREFERS_STRING_CATALOGS = YES;
				MTL_ENABLE_DEBUG_INFO = INCLUDE_SOURCE;
				MTL_FAST_MATH = YES;
				ONLY_ACTIVE_ARCH = YES;
				SDKROOT = iphoneos;
				SWIFT_ACTIVE_COMPILATION_CONDITIONS = "DEBUG $(inherited)";
				SWIFT_OPTIMIZATION_LEVEL = "-Onone";
			};
			name = Debug;
		};
		4D71EDC72CF2A0C6005A2522 /* Release */ = {
			isa = XCBuildConfiguration;
			buildSettings = {
				ALWAYS_SEARCH_USER_PATHS = NO;
				ASSETCATALOG_COMPILER_GENERATE_SWIFT_ASSET_SYMBOL_EXTENSIONS = YES;
				CLANG_ANALYZER_NONNULL = YES;
				CLANG_ANALYZER_NUMBER_OBJECT_CONVERSION = YES_AGGRESSIVE;
				CLANG_CXX_LANGUAGE_STANDARD = "gnu++20";
				CLANG_ENABLE_MODULES = YES;
				CLANG_ENABLE_OBJC_ARC = YES;
				CLANG_ENABLE_OBJC_WEAK = YES;
				CLANG_WARN_BLOCK_CAPTURE_AUTORELEASING = YES;
				CLANG_WARN_BOOL_CONVERSION = YES;
				CLANG_WARN_COMMA = YES;
				CLANG_WARN_CONSTANT_CONVERSION = YES;
				CLANG_WARN_DEPRECATED_OBJC_IMPLEMENTATIONS = YES;
				CLANG_WARN_DIRECT_OBJC_ISA_USAGE = YES_ERROR;
				CLANG_WARN_DOCUMENTATION_COMMENTS = YES;
				CLANG_WARN_EMPTY_BODY = YES;
				CLANG_WARN_ENUM_CONVERSION = YES;
				CLANG_WARN_INFINITE_RECURSION = YES;
				CLANG_WARN_INT_CONVERSION = YES;
				CLANG_WARN_NON_LITERAL_NULL_CONVERSION = YES;
				CLANG_WARN_OBJC_IMPLICIT_RETAIN_SELF = YES;
				CLANG_WARN_OBJC_LITERAL_CONVERSION = YES;
				CLANG_WARN_OBJC_ROOT_CLASS = YES_ERROR;
				CLANG_WARN_QUOTED_INCLUDE_IN_FRAMEWORK_HEADER = YES;
				CLANG_WARN_RANGE_LOOP_ANALYSIS = YES;
				CLANG_WARN_STRICT_PROTOTYPES = YES;
				CLANG_WARN_SUSPICIOUS_MOVE = YES;
				CLANG_WARN_UNGUARDED_AVAILABILITY = YES_AGGRESSIVE;
				CLANG_WARN_UNREACHABLE_CODE = YES;
				CLANG_WARN__DUPLICATE_METHOD_MATCH = YES;
				COPY_PHASE_STRIP = NO;
				DEBUG_INFORMATION_FORMAT = "dwarf-with-dsym";
				ENABLE_NS_ASSERTIONS = NO;
				ENABLE_STRICT_OBJC_MSGSEND = YES;
				ENABLE_USER_SCRIPT_SANDBOXING = YES;
				GCC_C_LANGUAGE_STANDARD = gnu17;
				GCC_NO_COMMON_BLOCKS = YES;
				GCC_WARN_64_TO_32_BIT_CONVERSION = YES;
				GCC_WARN_ABOUT_RETURN_TYPE = YES_ERROR;
				GCC_WARN_UNDECLARED_SELECTOR = YES;
				GCC_WARN_UNINITIALIZED_AUTOS = YES_AGGRESSIVE;
				GCC_WARN_UNUSED_FUNCTION = YES;
				GCC_WARN_UNUSED_VARIABLE = YES;
				IPHONEOS_DEPLOYMENT_TARGET = 18.1;
				LOCALIZATION_PREFERS_STRING_CATALOGS = YES;
				MTL_ENABLE_DEBUG_INFO = NO;
				MTL_FAST_MATH = YES;
				SDKROOT = iphoneos;
				SWIFT_COMPILATION_MODE = wholemodule;
				VALIDATE_PRODUCT = YES;
			};
			name = Release;
		};
		4D71EDC92CF2A0C6005A2522 /* Debug */ = {
			isa = XCBuildConfiguration;
			buildSettings = {
				ASSETCATALOG_COMPILER_APPICON_NAME = AppIcon;
				ASSETCATALOG_COMPILER_GLOBAL_ACCENT_COLOR_NAME = AccentColor;
				CODE_SIGN_STYLE = Automatic;
				CURRENT_PROJECT_VERSION = 1;
				DEVELOPMENT_ASSET_PATHS = "\"Weather Bunny/Preview Content\"";
				DEVELOPMENT_TEAM = 9PBPPD5C9M;
				ENABLE_PREVIEWS = YES;
				GENERATE_INFOPLIST_FILE = YES;
				INFOPLIST_KEY_NSLocationAlwaysUsageDescription = "Let Bunny get your location to display Weather";
				INFOPLIST_KEY_NSLocationWhenInUseUsageDescription = "Let Bunny get your location to display Weather";
				INFOPLIST_KEY_UIApplicationSceneManifest_Generation = YES;
				INFOPLIST_KEY_UIApplicationSupportsIndirectInputEvents = YES;
				INFOPLIST_KEY_UILaunchScreen_Generation = YES;
				INFOPLIST_KEY_UISupportedInterfaceOrientations_iPad = "UIInterfaceOrientationPortrait UIInterfaceOrientationPortraitUpsideDown UIInterfaceOrientationLandscapeLeft UIInterfaceOrientationLandscapeRight";
				INFOPLIST_KEY_UISupportedInterfaceOrientations_iPhone = "UIInterfaceOrientationPortrait UIInterfaceOrientationLandscapeLeft UIInterfaceOrientationLandscapeRight";
				LD_RUNPATH_SEARCH_PATHS = (
					"$(inherited)",
					"@executable_path/Frameworks",
				);
				MARKETING_VERSION = 1.0;
				PRODUCT_BUNDLE_IDENTIFIER = "com.vamsipadala.WeatherBunny.Weather-Bunny";
				PRODUCT_NAME = "$(TARGET_NAME)";
				SWIFT_EMIT_LOC_STRINGS = YES;
				SWIFT_VERSION = 5.0;
				TARGETED_DEVICE_FAMILY = "1,2";
			};
			name = Debug;
		};
		4D71EDCA2CF2A0C6005A2522 /* Release */ = {
			isa = XCBuildConfiguration;
			buildSettings = {
				ASSETCATALOG_COMPILER_APPICON_NAME = AppIcon;
				ASSETCATALOG_COMPILER_GLOBAL_ACCENT_COLOR_NAME = AccentColor;
				CODE_SIGN_STYLE = Automatic;
				CURRENT_PROJECT_VERSION = 1;
				DEVELOPMENT_ASSET_PATHS = "\"Weather Bunny/Preview Content\"";
				DEVELOPMENT_TEAM = 9PBPPD5C9M;
				ENABLE_PREVIEWS = YES;
				GENERATE_INFOPLIST_FILE = YES;
				INFOPLIST_KEY_NSLocationAlwaysUsageDescription = "Let Bunny get your location to display Weather";
				INFOPLIST_KEY_NSLocationWhenInUseUsageDescription = "Let Bunny get your location to display Weather";
				INFOPLIST_KEY_UIApplicationSceneManifest_Generation = YES;
				INFOPLIST_KEY_UIApplicationSupportsIndirectInputEvents = YES;
				INFOPLIST_KEY_UILaunchScreen_Generation = YES;
				INFOPLIST_KEY_UISupportedInterfaceOrientations_iPad = "UIInterfaceOrientationPortrait UIInterfaceOrientationPortraitUpsideDown UIInterfaceOrientationLandscapeLeft UIInterfaceOrientationLandscapeRight";
				INFOPLIST_KEY_UISupportedInterfaceOrientations_iPhone = "UIInterfaceOrientationPortrait UIInterfaceOrientationLandscapeLeft UIInterfaceOrientationLandscapeRight";
				LD_RUNPATH_SEARCH_PATHS = (
					"$(inherited)",
					"@executable_path/Frameworks",
				);
				MARKETING_VERSION = 1.0;
				PRODUCT_BUNDLE_IDENTIFIER = "com.vamsipadala.WeatherBunny.Weather-Bunny";
				PRODUCT_NAME = "$(TARGET_NAME)";
				SWIFT_EMIT_LOC_STRINGS = YES;
				SWIFT_VERSION = 5.0;
				TARGETED_DEVICE_FAMILY = "1,2";
			};
			name = Release;
		};
		4D71EDCC2CF2A0C6005A2522 /* Debug */ = {
			isa = XCBuildConfiguration;
			buildSettings = {
				BUNDLE_LOADER = "$(TEST_HOST)";
				CODE_SIGN_STYLE = Automatic;
				CURRENT_PROJECT_VERSION = 1;
				DEVELOPMENT_TEAM = 9PBPPD5C9M;
				GENERATE_INFOPLIST_FILE = YES;
				IPHONEOS_DEPLOYMENT_TARGET = 18.1;
				MARKETING_VERSION = 1.0;
				PRODUCT_BUNDLE_IDENTIFIER = "com.vamsipadala.WeatherBunny.Weather-BunnyTests";
				PRODUCT_NAME = "$(TARGET_NAME)";
				SWIFT_EMIT_LOC_STRINGS = NO;
				SWIFT_VERSION = 5.0;
				TARGETED_DEVICE_FAMILY = "1,2";
				TEST_HOST = "$(BUILT_PRODUCTS_DIR)/Weather Bunny.app/$(BUNDLE_EXECUTABLE_FOLDER_PATH)/Weather Bunny";
			};
			name = Debug;
		};
		4D71EDCD2CF2A0C6005A2522 /* Release */ = {
			isa = XCBuildConfiguration;
			buildSettings = {
				BUNDLE_LOADER = "$(TEST_HOST)";
				CODE_SIGN_STYLE = Automatic;
				CURRENT_PROJECT_VERSION = 1;
				DEVELOPMENT_TEAM = 9PBPPD5C9M;
				GENERATE_INFOPLIST_FILE = YES;
				IPHONEOS_DEPLOYMENT_TARGET = 18.1;
				MARKETING_VERSION = 1.0;
				PRODUCT_BUNDLE_IDENTIFIER = "com.vamsipadala.WeatherBunny.Weather-BunnyTests";
				PRODUCT_NAME = "$(TARGET_NAME)";
				SWIFT_EMIT_LOC_STRINGS = NO;
				SWIFT_VERSION = 5.0;
				TARGETED_DEVICE_FAMILY = "1,2";
				TEST_HOST = "$(BUILT_PRODUCTS_DIR)/Weather Bunny.app/$(BUNDLE_EXECUTABLE_FOLDER_PATH)/Weather Bunny";
			};
			name = Release;
		};
		4D71EDCF2CF2A0C6005A2522 /* Debug */ = {
			isa = XCBuildConfiguration;
			buildSettings = {
				CODE_SIGN_STYLE = Automatic;
				CURRENT_PROJECT_VERSION = 1;
				DEVELOPMENT_TEAM = 9PBPPD5C9M;
				GENERATE_INFOPLIST_FILE = YES;
				MARKETING_VERSION = 1.0;
				PRODUCT_BUNDLE_IDENTIFIER = "com.vamsipadala.WeatherBunny.Weather-BunnyUITests";
				PRODUCT_NAME = "$(TARGET_NAME)";
				SWIFT_EMIT_LOC_STRINGS = NO;
				SWIFT_VERSION = 5.0;
				TARGETED_DEVICE_FAMILY = "1,2";
				TEST_TARGET_NAME = "Weather Bunny";
			};
			name = Debug;
		};
		4D71EDD02CF2A0C6005A2522 /* Release */ = {
			isa = XCBuildConfiguration;
			buildSettings = {
				CODE_SIGN_STYLE = Automatic;
				CURRENT_PROJECT_VERSION = 1;
				DEVELOPMENT_TEAM = 9PBPPD5C9M;
				GENERATE_INFOPLIST_FILE = YES;
				MARKETING_VERSION = 1.0;
				PRODUCT_BUNDLE_IDENTIFIER = "com.vamsipadala.WeatherBunny.Weather-BunnyUITests";
				PRODUCT_NAME = "$(TARGET_NAME)";
				SWIFT_EMIT_LOC_STRINGS = NO;
				SWIFT_VERSION = 5.0;
				TARGETED_DEVICE_FAMILY = "1,2";
				TEST_TARGET_NAME = "Weather Bunny";
			};
			name = Release;
		};
/* End XCBuildConfiguration section */

/* Begin XCConfigurationList section */
		4D71ED9F2CF2A0C5005A2522 /* Build configuration list for PBXProject "Weather Bunny" */ = {
			isa = XCConfigurationList;
			buildConfigurations = (
				4D71EDC62CF2A0C6005A2522 /* Debug */,
				4D71EDC72CF2A0C6005A2522 /* Release */,
			);
			defaultConfigurationIsVisible = 0;
			defaultConfigurationName = Release;
		};
		4D71EDC82CF2A0C6005A2522 /* Build configuration list for PBXNativeTarget "Weather Bunny" */ = {
			isa = XCConfigurationList;
			buildConfigurations = (
				4D71EDC92CF2A0C6005A2522 /* Debug */,
				4D71EDCA2CF2A0C6005A2522 /* Release */,
			);
			defaultConfigurationIsVisible = 0;
			defaultConfigurationName = Release;
		};
		4D71EDCB2CF2A0C6005A2522 /* Build configuration list for PBXNativeTarget "Weather BunnyTests" */ = {
			isa = XCConfigurationList;
			buildConfigurations = (
				4D71EDCC2CF2A0C6005A2522 /* Debug */,
				4D71EDCD2CF2A0C6005A2522 /* Release */,
			);
			defaultConfigurationIsVisible = 0;
			defaultConfigurationName = Release;
		};
		4D71EDCE2CF2A0C6005A2522 /* Build configuration list for PBXNativeTarget "Weather BunnyUITests" */ = {
			isa = XCConfigurationList;
			buildConfigurations = (
				4D71EDCF2CF2A0C6005A2522 /* Debug */,
				4D71EDD02CF2A0C6005A2522 /* Release */,
			);
			defaultConfigurationIsVisible = 0;
			defaultConfigurationName = Release;
		};
/* End XCConfigurationList section */
	};
	rootObject = 4D71ED9C2CF2A0C5005A2522 /* Project object */;
}
